
Microsoft Visual Studio Solution File, Format Version 12.00
# Visual Studio 2013
VisualStudioVersion = 12.0.31101.0
MinimumVisualStudioVersion = 10.0.40219.1
Project("{FAE04EC0-301F-11D3-BF4B-00C04F79EFBC}") = "NamaBeer.WebAPI", "NamaBeer.WebAPI\NamaBeer.WebAPI.csproj", "{23311F55-B6AD-4424-92F8-0BA0B7577D02}"
EndProject
Project("{E24C65DC-7377-472B-9ABA-BC803B73C61A}") = "NamaBeer.Client", "http://localhost:58805", "{15269DEE-1855-4338-ADAC-64EFDBD16B96}"
	ProjectSection(WebsiteProperties) = preProject
		UseIISExpress = "true"
		TargetFrameworkMoniker = ".NETFramework,Version%3Dv4.5.1"
		Debug.AspNetCompiler.VirtualPath = "/localhost_58805"
		Debug.AspNetCompiler.PhysicalPath = "NamaBeer.Client\"
		Debug.AspNetCompiler.TargetPath = "PrecompiledWeb\localhost_58805\"
		Debug.AspNetCompiler.Updateable = "true"
		Debug.AspNetCompiler.ForceOverwrite = "true"
		Debug.AspNetCompiler.FixedNames = "false"
		Debug.AspNetCompiler.Debug = "True"
		Release.AspNetCompiler.VirtualPath = "/localhost_58805"
		Release.AspNetCompiler.PhysicalPath = "NamaBeer.Client\"
		Release.AspNetCompiler.TargetPath = "PrecompiledWeb\localhost_58805\"
		Release.AspNetCompiler.Updateable = "true"
		Release.AspNetCompiler.ForceOverwrite = "true"
		Release.AspNetCompiler.FixedNames = "false"
		Release.AspNetCompiler.Debug = "False"
		SlnRelativePath = "NamaBeer.Client\"
		DefaultWebSiteLanguage = "Visual Basic"
	EndProjectSection
EndProject
Global
	GlobalSection(SolutionConfigurationPlatforms) = preSolution
		Debug|Any CPU = Debug|Any CPU
		Release|Any CPU = Release|Any CPU
	EndGlobalSection
	GlobalSection(ProjectConfigurationPlatforms) = postSolution
		{23311F55-B6AD-4424-92F8-0BA0B7577D02}.Debug|Any CPU.ActiveCfg = Debug|Any CPU
		{23311F55-B6AD-4424-92F8-0BA0B7577D02}.Debug|Any CPU.Build.0 = Debug|Any CPU
		{23311F55-B6AD-4424-92F8-0BA0B7577D02}.Release|Any CPU.ActiveCfg = Release|Any CPU
		{23311F55-B6AD-4424-92F8-0BA0B7577D02}.Release|Any CPU.Build.0 = Release|Any CPU
		{15269DEE-1855-4338-ADAC-64EFDBD16B96}.Debug|Any CPU.ActiveCfg = Debug|Any CPU
		{15269DEE-1855-4338-ADAC-64EFDBD16B96}.Debug|Any CPU.Build.0 = Debug|Any CPU
		{15269DEE-1855-4338-ADAC-64EFDBD16B96}.Release|Any CPU.ActiveCfg = Debug|Any CPU
		{15269DEE-1855-4338-ADAC-64EFDBD16B96}.Release|Any CPU.Build.0 = Debug|Any CPU
	EndGlobalSection
	GlobalSection(SolutionProperties) = preSolution
		HideSolutionNode = FALSE
	EndGlobalSection
EndGlobal
